// !$*UTF8*$!
{
	archiveVersion = 1;
	classes = {
	};
	objectVersion = 56;
	objects = {

/* Begin PBXBuildFile section */
		160D32FC2AE250C800995D19 /* AppDelegate.swift in Sources */ = {isa = PBXBuildFile; fileRef = 160D32FB2AE250C800995D19 /* AppDelegate.swift */; };
		160D32FE2AE250C800995D19 /* SceneDelegate.swift in Sources */ = {isa = PBXBuildFile; fileRef = 160D32FD2AE250C800995D19 /* SceneDelegate.swift */; };
		160D33082AE250C900995D19 /* LaunchScreen.storyboard in Resources */ = {isa = PBXBuildFile; fileRef = 160D33062AE250C900995D19 /* LaunchScreen.storyboard */; };
		167463922AE8F54B000EDD06 /* ShowBluetoothModal.swift in Sources */ = {isa = PBXBuildFile; fileRef = 167463912AE8F54B000EDD06 /* ShowBluetoothModal.swift */; };
		167463932AE8F54B000EDD06 /* ViewController.swift in Sources */ = {isa = PBXBuildFile; fileRef = 1674638F2AE8F54B000EDD06 /* ViewController.swift */; };
		167463942AE8F54B000EDD06 /* BluetoothClassicController.swift in Sources */ = {isa = PBXBuildFile; fileRef = 167463902AE8F54B000EDD06 /* BluetoothClassicController.swift */; };
		167463972AE8F55E000EDD06 /* BLEManager.swift in Sources */ = {isa = PBXBuildFile; fileRef = 167463952AE8F55E000EDD06 /* BLEManager.swift */; };
		167463982AE8F55E000EDD06 /* BluetoothClassicManager.swift in Sources */ = {isa = PBXBuildFile; fileRef = 167463962AE8F55E000EDD06 /* BluetoothClassicManager.swift */; };
		167AFF862AE7B9320070B57A /* .gitignore in Resources */ = {isa = PBXBuildFile; fileRef = 167AFF852AE7B9320070B57A /* .gitignore */; };
		167AFF882AE7B97F0070B57A /* README.md in Resources */ = {isa = PBXBuildFile; fileRef = 167AFF872AE7B97F0070B57A /* README.md */; };
/* End PBXBuildFile section */

/* Begin PBXFileReference section */
		160D32F82AE250C800995D19 /* BLEStudy.app */ = {isa = PBXFileReference; explicitFileType = wrapper.application; includeInIndex = 0; path = BLEStudy.app; sourceTree = BUILT_PRODUCTS_DIR; };
		160D32FB2AE250C800995D19 /* AppDelegate.swift */ = {isa = PBXFileReference; lastKnownFileType = sourcecode.swift; path = AppDelegate.swift; sourceTree = "<group>"; };
		160D32FD2AE250C800995D19 /* SceneDelegate.swift */ = {isa = PBXFileReference; lastKnownFileType = sourcecode.swift; path = SceneDelegate.swift; sourceTree = "<group>"; };
		160D33072AE250C900995D19 /* Base */ = {isa = PBXFileReference; lastKnownFileType = file.storyboard; name = Base; path = Base.lproj/LaunchScreen.storyboard; sourceTree = "<group>"; };
		160D33092AE250C900995D19 /* Info.plist */ = {isa = PBXFileReference; lastKnownFileType = text.plist.xml; path = Info.plist; sourceTree = "<group>"; };
		1674638F2AE8F54B000EDD06 /* ViewController.swift */ = {isa = PBXFileReference; lastKnownFileType = sourcecode.swift; path = ViewController.swift; sourceTree = "<group>"; };
		167463902AE8F54B000EDD06 /* BluetoothClassicController.swift */ = {isa = PBXFileReference; lastKnownFileType = sourcecode.swift; path = BluetoothClassicController.swift; sourceTree = "<group>"; };
		167463912AE8F54B000EDD06 /* ShowBluetoothModal.swift */ = {isa = PBXFileReference; lastKnownFileType = sourcecode.swift; path = ShowBluetoothModal.swift; sourceTree = "<group>"; };
		167463952AE8F55E000EDD06 /* BLEManager.swift */ = {isa = PBXFileReference; lastKnownFileType = sourcecode.swift; path = BLEManager.swift; sourceTree = "<group>"; };
		167463962AE8F55E000EDD06 /* BluetoothClassicManager.swift */ = {isa = PBXFileReference; lastKnownFileType = sourcecode.swift; path = BluetoothClassicManager.swift; sourceTree = "<group>"; };
		167AFF852AE7B9320070B57A /* .gitignore */ = {isa = PBXFileReference; lastKnownFileType = text; path = .gitignore; sourceTree = "<group>"; };
		167AFF872AE7B97F0070B57A /* README.md */ = {isa = PBXFileReference; lastKnownFileType = net.daringfireball.markdown; path = README.md; sourceTree = "<group>"; };
/* End PBXFileReference section */

/* Begin PBXFrameworksBuildPhase section */
		160D32F52AE250C800995D19 /* Frameworks */ = {
			isa = PBXFrameworksBuildPhase;
			buildActionMask = 2147483647;
			files = (
			);
			runOnlyForDeploymentPostprocessing = 0;
		};
/* End PBXFrameworksBuildPhase section */

/* Begin PBXGroup section */
		160D32EF2AE250C800995D19 = {
			isa = PBXGroup;
			children = (
				167AFF872AE7B97F0070B57A /* README.md */,
				167AFF852AE7B9320070B57A /* .gitignore */,
				160D32FA2AE250C800995D19 /* BLEStudy */,
				160D32F92AE250C800995D19 /* Products */,
			);
			sourceTree = "<group>";
		};
		160D32F92AE250C800995D19 /* Products */ = {
			isa = PBXGroup;
			children = (
				160D32F82AE250C800995D19 /* BLEStudy.app */,
			);
			name = Products;
			sourceTree = "<group>";
		};
		160D32FA2AE250C800995D19 /* BLEStudy */ = {
			isa = PBXGroup;
			children = (
				160D32FB2AE250C800995D19 /* AppDelegate.swift */,
				160D32FD2AE250C800995D19 /* SceneDelegate.swift */,
				167463952AE8F55E000EDD06 /* BLEManager.swift */,
				167463962AE8F55E000EDD06 /* BluetoothClassicManager.swift */,
				167463912AE8F54B000EDD06 /* ShowBluetoothModal.swift */,
				167463902AE8F54B000EDD06 /* BluetoothClassicController.swift */,
				1674638F2AE8F54B000EDD06 /* ViewController.swift */,
				160D33062AE250C900995D19 /* LaunchScreen.storyboard */,
				160D33092AE250C900995D19 /* Info.plist */,
			);
			path = BLEStudy;
			sourceTree = "<group>";
		};
/* End PBXGroup section */

/* Begin PBXNativeTarget section */
		160D32F72AE250C800995D19 /* BLEStudy */ = {
			isa = PBXNativeTarget;
			buildConfigurationList = 160D330C2AE250C900995D19 /* Build configuration list for PBXNativeTarget "BLEStudy" */;
			buildPhases = (
				160D32F42AE250C800995D19 /* Sources */,
				160D32F52AE250C800995D19 /* Frameworks */,
				160D32F62AE250C800995D19 /* Resources */,
			);
			buildRules = (
			);
			dependencies = (
			);
			name = BLEStudy;
			productName = BLEStudy;
			productReference = 160D32F82AE250C800995D19 /* BLEStudy.app */;
			productType = "com.apple.product-type.application";
		};
/* End PBXNativeTarget section */

/* Begin PBXProject section */
		160D32F02AE250C800995D19 /* Project object */ = {
			isa = PBXProject;
			attributes = {
				BuildIndependentTargetsInParallel = 1;
				LastSwiftUpdateCheck = 1500;
				LastUpgradeCheck = 1500;
				TargetAttributes = {
					160D32F72AE250C800995D19 = {
						CreatedOnToolsVersion = 15.0.1;
					};
				};
			};
			buildConfigurationList = 160D32F32AE250C800995D19 /* Build configuration list for PBXProject "BLEStudy" */;
			compatibilityVersion = "Xcode 14.0";
			developmentRegion = en;
			hasScannedForEncodings = 0;
			knownRegions = (
				en,
				Base,
			);
			mainGroup = 160D32EF2AE250C800995D19;
			productRefGroup = 160D32F92AE250C800995D19 /* Products */;
			projectDirPath = "";
			projectRoot = "";
			targets = (
				160D32F72AE250C800995D19 /* BLEStudy */,
			);
		};
/* End PBXProject section */

/* Begin PBXResourcesBuildPhase section */
		160D32F62AE250C800995D19 /* Resources */ = {
			isa = PBXResourcesBuildPhase;
			buildActionMask = 2147483647;
			files = (
				160D33082AE250C900995D19 /* LaunchScreen.storyboard in Resources */,
				167AFF862AE7B9320070B57A /* .gitignore in Resources */,
				167AFF882AE7B97F0070B57A /* README.md in Resources */,
			);
			runOnlyForDeploymentPostprocessing = 0;
		};
/* End PBXResourcesBuildPhase section */

/* Begin PBXSourcesBuildPhase section */
		160D32F42AE250C800995D19 /* Sources */ = {
			isa = PBXSourcesBuildPhase;
			buildActionMask = 2147483647;
			files = (
				167463942AE8F54B000EDD06 /* BluetoothClassicController.swift in Sources */,
				167463972AE8F55E000EDD06 /* BLEManager.swift in Sources */,
				167463922AE8F54B000EDD06 /* ShowBluetoothModal.swift in Sources */,
				160D32FC2AE250C800995D19 /* AppDelegate.swift in Sources */,
				167463932AE8F54B000EDD06 /* ViewController.swift in Sources */,
				160D32FE2AE250C800995D19 /* SceneDelegate.swift in Sources */,
				167463982AE8F55E000EDD06 /* BluetoothClassicManager.swift in Sources */,
			);
			runOnlyForDeploymentPostprocessing = 0;
		};
/* End PBXSourcesBuildPhase section */

/* Begin PBXVariantGroup section */
		160D33062AE250C900995D19 /* LaunchScreen.storyboard */ = {
			isa = PBXVariantGroup;
			children = (
				160D33072AE250C900995D19 /* Base */,
			);
			name = LaunchScreen.storyboard;
			sourceTree = "<group>";
		};
/* End PBXVariantGroup section */

/* Begin XCBuildConfiguration section */
		160D330A2AE250C900995D19 /* Debug */ = {
			isa = XCBuildConfiguration;
			buildSettings = {
				ALWAYS_SEARCH_USER_PATHS = NO;
				ASSETCATALOG_COMPILER_GENERATE_SWIFT_ASSET_SYMBOL_EXTENSIONS = YES;
				CLANG_ANALYZER_NONNULL = YES;
				CLANG_ANALYZER_NUMBER_OBJECT_CONVERSION = YES_AGGRESSIVE;
				CLANG_CXX_LANGUAGE_STANDARD = "gnu++20";
				CLANG_ENABLE_MODULES = YES;
				CLANG_ENABLE_OBJC_ARC = YES;
				CLANG_ENABLE_OBJC_WEAK = YES;
				CLANG_WARN_BLOCK_CAPTURE_AUTORELEASING = YES;
				CLANG_WARN_BOOL_CONVERSION = YES;
				CLANG_WARN_COMMA = YES;
				CLANG_WARN_CONSTANT_CONVERSION = YES;
				CLANG_WARN_DEPRECATED_OBJC_IMPLEMENTATIONS = YES;
				CLANG_WARN_DIRECT_OBJC_ISA_USAGE = YES_ERROR;
				CLANG_WARN_DOCUMENTATION_COMMENTS = YES;
				CLANG_WARN_EMPTY_BODY = YES;
				CLANG_WARN_ENUM_CONVERSION = YES;
				CLANG_WARN_INFINITE_RECURSION = YES;
				CLANG_WARN_INT_CONVERSION = YES;
				CLANG_WARN_NON_LITERAL_NULL_CONVERSION = YES;
				CLANG_WARN_OBJC_IMPLICIT_RETAIN_SELF = YES;
				CLANG_WARN_OBJC_LITERAL_CONVERSION = YES;
				CLANG_WARN_OBJC_ROOT_CLASS = YES_ERROR;
				CLANG_WARN_QUOTED_INCLUDE_IN_FRAMEWORK_HEADER = YES;
				CLANG_WARN_RANGE_LOOP_ANALYSIS = YES;
				CLANG_WARN_STRICT_PROTOTYPES = YES;
				CLANG_WARN_SUSPICIOUS_MOVE = YES;
				CLANG_WARN_UNGUARDED_AVAILABILITY = YES_AGGRESSIVE;
				CLANG_WARN_UNREACHABLE_CODE = YES;
				CLANG_WARN__DUPLICATE_METHOD_MATCH = YES;
				COPY_PHASE_STRIP = NO;
				DEBUG_INFORMATION_FORMAT = dwarf;
				ENABLE_STRICT_OBJC_MSGSEND = YES;
				ENABLE_TESTABILITY = YES;
				ENABLE_USER_SCRIPT_SANDBOXING = YES;
				GCC_C_LANGUAGE_STANDARD = gnu17;
				GCC_DYNAMIC_NO_PIC = NO;
				GCC_NO_COMMON_BLOCKS = YES;
				GCC_OPTIMIZATION_LEVEL = 0;
				GCC_PREPROCESSOR_DEFINITIONS = (
					"DEBUG=1",
					"$(inherited)",
				);
				GCC_WARN_64_TO_32_BIT_CONVERSION = YES;
				GCC_WARN_ABOUT_RETURN_TYPE = YES_ERROR;
				GCC_WARN_UNDECLARED_SELECTOR = YES;
				GCC_WARN_UNINITIALIZED_AUTOS = YES_AGGRESSIVE;
				GCC_WARN_UNUSED_FUNCTION = YES;
				GCC_WARN_UNUSED_VARIABLE = YES;
				IPHONEOS_DEPLOYMENT_TARGET = 17.0;
				LOCALIZATION_PREFERS_STRING_CATALOGS = YES;
				MTL_ENABLE_DEBUG_INFO = INCLUDE_SOURCE;
				MTL_FAST_MATH = YES;
				ONLY_ACTIVE_ARCH = YES;
				SDKROOT = iphoneos;
				SWIFT_ACTIVE_COMPILATION_CONDITIONS = "DEBUG $(inherited)";
				SWIFT_OPTIMIZATION_LEVEL = "-Onone";
			};
			name = Debug;
		};
		160D330B2AE250C900995D19 /* Release */ = {
			isa = XCBuildConfiguration;
			buildSettings = {
				ALWAYS_SEARCH_USER_PATHS = NO;
				ASSETCATALOG_COMPILER_GENERATE_SWIFT_ASSET_SYMBOL_EXTENSIONS = YES;
				CLANG_ANALYZER_NONNULL = YES;
				CLANG_ANALYZER_NUMBER_OBJECT_CONVERSION = YES_AGGRESSIVE;
				CLANG_CXX_LANGUAGE_STANDARD = "gnu++20";
				CLANG_ENABLE_MODULES = YES;
				CLANG_ENABLE_OBJC_ARC = YES;
				CLANG_ENABLE_OBJC_WEAK = YES;
				CLANG_WARN_BLOCK_CAPTURE_AUTORELEASING = YES;
				CLANG_WARN_BOOL_CONVERSION = YES;
				CLANG_WARN_COMMA = YES;
				CLANG_WARN_CONSTANT_CONVERSION = YES;
				CLANG_WARN_DEPRECATED_OBJC_IMPLEMENTATIONS = YES;
				CLANG_WARN_DIRECT_OBJC_ISA_USAGE = YES_ERROR;
				CLANG_WARN_DOCUMENTATION_COMMENTS = YES;
				CLANG_WARN_EMPTY_BODY = YES;
				CLANG_WARN_ENUM_CONVERSION = YES;
				CLANG_WARN_INFINITE_RECURSION = YES;
				CLANG_WARN_INT_CONVERSION = YES;
				CLANG_WARN_NON_LITERAL_NULL_CONVERSION = YES;
				CLANG_WARN_OBJC_IMPLICIT_RETAIN_SELF = YES;
				CLANG_WARN_OBJC_LITERAL_CONVERSION = YES;
				CLANG_WARN_OBJC_ROOT_CLASS = YES_ERROR;
				CLANG_WARN_QUOTED_INCLUDE_IN_FRAMEWORK_HEADER = YES;
				CLANG_WARN_RANGE_LOOP_ANALYSIS = YES;
				CLANG_WARN_STRICT_PROTOTYPES = YES;
				CLANG_WARN_SUSPICIOUS_MOVE = YES;
				CLANG_WARN_UNGUARDED_AVAILABILITY = YES_AGGRESSIVE;
				CLANG_WARN_UNREACHABLE_CODE = YES;
				CLANG_WARN__DUPLICATE_METHOD_MATCH = YES;
				COPY_PHASE_STRIP = NO;
				DEBUG_INFORMATION_FORMAT = "dwarf-with-dsym";
				ENABLE_NS_ASSERTIONS = NO;
				ENABLE_STRICT_OBJC_MSGSEND = YES;
				ENABLE_USER_SCRIPT_SANDBOXING = YES;
				GCC_C_LANGUAGE_STANDARD = gnu17;
				GCC_NO_COMMON_BLOCKS = YES;
				GCC_WARN_64_TO_32_BIT_CONVERSION = YES;
				GCC_WARN_ABOUT_RETURN_TYPE = YES_ERROR;
				GCC_WARN_UNDECLARED_SELECTOR = YES;
				GCC_WARN_UNINITIALIZED_AUTOS = YES_AGGRESSIVE;
				GCC_WARN_UNUSED_FUNCTION = YES;
				GCC_WARN_UNUSED_VARIABLE = YES;
				IPHONEOS_DEPLOYMENT_TARGET = 17.0;
				LOCALIZATION_PREFERS_STRING_CATALOGS = YES;
				MTL_ENABLE_DEBUG_INFO = NO;
				MTL_FAST_MATH = YES;
				SDKROOT = iphoneos;
				SWIFT_COMPILATION_MODE = wholemodule;
				VALIDATE_PRODUCT = YES;
			};
			name = Release;
		};
		160D330D2AE250C900995D19 /* Debug */ = {
			isa = XCBuildConfiguration;
			buildSettings = {
				ASSETCATALOG_COMPILER_APPICON_NAME = AppIcon;
				ASSETCATALOG_COMPILER_GLOBAL_ACCENT_COLOR_NAME = AccentColor;
				CODE_SIGN_IDENTITY = "Apple Development";
				CODE_SIGN_STYLE = Automatic;
				CURRENT_PROJECT_VERSION = 1;
				DEVELOPMENT_TEAM = F6YW6L8F8N;
				GENERATE_INFOPLIST_FILE = YES;
				INFOPLIST_FILE = BLEStudy/Info.plist;
				INFOPLIST_KEY_NSBluetoothAlwaysUsageDescription = "근처 기기에 연결하고 더 나은 사용자 경험을 제공하기 위해 앱은 Bluetooth 액세스가 필요합니다.";
				INFOPLIST_KEY_UIApplicationSupportsIndirectInputEvents = YES;
				INFOPLIST_KEY_UILaunchStoryboardName = LaunchScreen;
				INFOPLIST_KEY_UISupportedInterfaceOrientations_iPad = "UIInterfaceOrientationPortrait UIInterfaceOrientationPortraitUpsideDown UIInterfaceOrientationLandscapeLeft UIInterfaceOrientationLandscapeRight";
				INFOPLIST_KEY_UISupportedInterfaceOrientations_iPhone = "UIInterfaceOrientationPortrait UIInterfaceOrientationLandscapeLeft UIInterfaceOrientationLandscapeRight";
				IPHONEOS_DEPLOYMENT_TARGET = 15.0;
				LD_RUNPATH_SEARCH_PATHS = (
					"$(inherited)",
					"@executable_path/Frameworks",
				);
				MARKETING_VERSION = 1.0;
				PRODUCT_BUNDLE_IDENTIFIER = study.BLEStudy;
				PRODUCT_NAME = "$(TARGET_NAME)";
				PROVISIONING_PROFILE_SPECIFIER = "";
				SWIFT_EMIT_LOC_STRINGS = YES;
				SWIFT_VERSION = 5.0;
				TARGETED_DEVICE_FAMILY = 1;
			};
			name = Debug;
		};
		160D330E2AE250C900995D19 /* Release */ = {
			isa = XCBuildConfiguration;
			buildSettings = {
				ASSETCATALOG_COMPILER_APPICON_NAME = AppIcon;
				ASSETCATALOG_COMPILER_GLOBAL_ACCENT_COLOR_NAME = AccentColor;
				CODE_SIGN_IDENTITY = "Apple Development";
				CODE_SIGN_STYLE = Automatic;
				CURRENT_PROJECT_VERSION = 1;
				DEVELOPMENT_TEAM = F6YW6L8F8N;
				GENERATE_INFOPLIST_FILE = YES;
				INFOPLIST_FILE = BLEStudy/Info.plist;
				INFOPLIST_KEY_NSBluetoothAlwaysUsageDescription = "근처 기기에 연결하고 더 나은 사용자 경험을 제공하기 위해 앱은 Bluetooth 액세스가 필요합니다.";
				INFOPLIST_KEY_UIApplicationSupportsIndirectInputEvents = YES;
				INFOPLIST_KEY_UILaunchStoryboardName = LaunchScreen;
				INFOPLIST_KEY_UISupportedInterfaceOrientations_iPad = "UIInterfaceOrientationPortrait UIInterfaceOrientationPortraitUpsideDown UIInterfaceOrientationLandscapeLeft UIInterfaceOrientationLandscapeRight";
				INFOPLIST_KEY_UISupportedInterfaceOrientations_iPhone = "UIInterfaceOrientationPortrait UIInterfaceOrientationLandscapeLeft UIInterfaceOrientationLandscapeRight";
				IPHONEOS_DEPLOYMENT_TARGET = 15.0;
				LD_RUNPATH_SEARCH_PATHS = (
					"$(inherited)",
					"@executable_path/Frameworks",
				);
				MARKETING_VERSION = 1.0;
				PRODUCT_BUNDLE_IDENTIFIER = study.BLEStudy;
				PRODUCT_NAME = "$(TARGET_NAME)";
				PROVISIONING_PROFILE_SPECIFIER = "";
				SWIFT_EMIT_LOC_STRINGS = YES;
				SWIFT_VERSION = 5.0;
				TARGETED_DEVICE_FAMILY = 1;
			};
			name = Release;
		};
/* End XCBuildConfiguration section */

/* Begin XCConfigurationList section */
		160D32F32AE250C800995D19 /* Build configuration list for PBXProject "BLEStudy" */ = {
			isa = XCConfigurationList;
			buildConfigurations = (
				160D330A2AE250C900995D19 /* Debug */,
				160D330B2AE250C900995D19 /* Release */,
			);
			defaultConfigurationIsVisible = 0;
			defaultConfigurationName = Release;
		};
		160D330C2AE250C900995D19 /* Build configuration list for PBXNativeTarget "BLEStudy" */ = {
			isa = XCConfigurationList;
			buildConfigurations = (
				160D330D2AE250C900995D19 /* Debug */,
				160D330E2AE250C900995D19 /* Release */,
			);
			defaultConfigurationIsVisible = 0;
			defaultConfigurationName = Release;
		};
/* End XCConfigurationList section */
	};
	rootObject = 160D32F02AE250C800995D19 /* Project object */;
}
